
Microsoft Visual Studio Solution File, Format Version 12.00
# Visual Studio Version 17
VisualStudioVersion = 17.4.33205.214
MinimumVisualStudioVersion = 10.0.40219.1
Project("{9A19103F-16F7-4668-BE54-9A1E7A4F7556}") = "martysenpai.Calculator", "martysenpai.Calculator\martysenpai.Calculator.csproj", "{BC9838D7-DD95-4923-9960-6BD9326F8D31}"
EndProject
Project("{FAE04EC0-301F-11D3-BF4B-00C04F79EFBC}") = "CalculatorLibrary", "CalculatorLibrary\CalculatorLibrary.csproj", "{D6257485-8EE7-470C-8645-AB2879F75DA9}"
EndProject
Global
	GlobalSection(SolutionConfigurationPlatforms) = preSolution
		Debug|Any CPU = Debug|Any CPU
		Release|Any CPU = Release|Any CPU
	EndGlobalSection
	GlobalSection(ProjectConfigurationPlatforms) = postSolution
		{BC9838D7-DD95-4923-9960-6BD9326F8D31}.Debug|Any CPU.ActiveCfg = Debug|Any CPU
		{BC9838D7-DD95-4923-9960-6BD9326F8D31}.Debug|Any CPU.Build.0 = Debug|Any CPU
		{BC9838D7-DD95-4923-9960-6BD9326F8D31}.Release|Any CPU.ActiveCfg = Release|Any CPU
		{BC9838D7-DD95-4923-9960-6BD9326F8D31}.Release|Any CPU.Build.0 = Release|Any CPU
		{D6257485-8EE7-470C-8645-AB2879F75DA9}.Debug|Any CPU.ActiveCfg = Debug|Any CPU
		{D6257485-8EE7-470C-8645-AB2879F75DA9}.Debug|Any CPU.Build.0 = Debug|Any CPU
		{D6257485-8EE7-470C-8645-AB2879F75DA9}.Release|Any CPU.ActiveCfg = Release|Any CPU
		{D6257485-8EE7-470C-8645-AB2879F75DA9}.Release|Any CPU.Build.0 = Release|Any CPU
	EndGlobalSection
	GlobalSection(SolutionProperties) = preSolution
		HideSolutionNode = FALSE
	EndGlobalSection
	GlobalSection(ExtensibilityGlobals) = postSolution
		SolutionGuid = {A68C2C4C-6FFC-413B-9EEE-430B01FC94D9}
	EndGlobalSection
EndGlobal
